{
  "name": "ed-sheeran",
  "version": "1.0.0",
  "lockfileVersion": 1,
  "requires": true,
  "dependencies": {
    "argparse": {
      "version": "1.0.10",
      "resolved": "https://registry.npmjs.org/argparse/-/argparse-1.0.10.tgz",
      "integrity": "sha512-o5Roy6tNG4SL/FOkCAN6RzjiakZS25RLYFrcMttJqbdd8BWrnA+fGz57iN5Pb06pvBGvl5gQ0B48dJlslXvoTg==",
      "requires": {
        "sprintf-js": "1.0.3"
      }
    },
    "clone": {
      "version": "2.1.1",
      "resolved": "https://registry.npmjs.org/clone/-/clone-2.1.1.tgz",
      "integrity": "sha1-0hfR6WERjjrJpLi7oyhVU79kfNs="
    },
    "de-indent": {
      "version": "1.0.2",
      "resolved": "https://registry.npmjs.org/de-indent/-/de-indent-1.0.2.tgz",
      "integrity": "sha1-sgOOhG3DO6pXlhKNCAS0VbjB4h0=",
      "dev": true
    },
    "entities": {
      "version": "1.1.1",
      "resolved": "https://registry.npmjs.org/entities/-/entities-1.1.1.tgz",
      "integrity": "sha1-blwtClYhtdra7O+AuQ7ftc13cvA="
    },
    "he": {
      "version": "1.1.1",
      "resolved": "https://registry.npmjs.org/he/-/he-1.1.1.tgz",
      "integrity": "sha1-k0EP0hsAlzUVH4howvJx80J+I/0=",
      "dev": true
    },
    "highlight.js": {
      "version": "9.12.0",
      "resolved": "https://registry.npmjs.org/highlight.js/-/highlight.js-9.12.0.tgz",
      "integrity": "sha1-5tnb5Xy+/mB1HwKvM2GVhwyQwB4="
    },
    "javascript-detect-element-resize": {
      "version": "0.5.3",
      "resolved": "https://registry.npmjs.org/javascript-detect-element-resize/-/javascript-detect-element-resize-0.5.3.tgz",
      "integrity": "sha1-GnHNUd/lZZB/KZAS/nOilBBAJd4=",
      "dev": true
    },
    "katex": {
      "version": "0.6.0",
      "resolved": "https://registry.npmjs.org/katex/-/katex-0.6.0.tgz",
      "integrity": "sha1-EkGOCRIcBckgQbazuftrqyE8tvM=",
      "requires": {
        "match-at": "0.1.1"
      }
    },
    "markdown-it-abbr": {
      "version": "1.0.4",
      "resolved": "https://registry.npmjs.org/markdown-it-abbr/-/markdown-it-abbr-1.0.4.tgz",
      "integrity": "sha1-1mtTZFIcuz3Yqlna37ovtoZcj9g="
    },
    "markdown-it-deflist": {
      "version": "2.0.3",
      "resolved": "https://registry.npmjs.org/markdown-it-deflist/-/markdown-it-deflist-2.0.3.tgz",
      "integrity": "sha512-/BNZ8ksW42bflm1qQLnRI09oqU2847Z7MVavrR0MORyKLtiUYOMpwtlAfMSZAQU9UCvaUZMpgVAqoS3vpToJxw=="
    },
    "markdown-it-emoji": {
      "version": "1.4.0",
      "resolved": "https://registry.npmjs.org/markdown-it-emoji/-/markdown-it-emoji-1.4.0.tgz",
      "integrity": "sha1-m+4OmpkKljupbfaYDE/dsF37Tcw="
    },
    "markdown-it-footnote": {
      "version": "2.0.0",
      "resolved": "https://registry.npmjs.org/markdown-it-footnote/-/markdown-it-footnote-2.0.0.tgz",
      "integrity": "sha1-FOnE9o/xLPNU+jZa43gnboEEypQ="
    },
    "markdown-it-ins": {
      "version": "2.0.0",
      "resolved": "https://registry.npmjs.org/markdown-it-ins/-/markdown-it-ins-2.0.0.tgz",
      "integrity": "sha1-papqMPHi9x6Ul1Z8/f9A8f3mdIM="
    },
    "markdown-it-katex": {
      "version": "2.0.3",
      "resolved": "https://registry.npmjs.org/markdown-it-katex/-/markdown-it-katex-2.0.3.tgz",
      "integrity": "sha1-17hqGuoLnWSW+rTnkZoY/e9YnDk=",
      "requires": {
        "katex": "0.6.0"
      }
    },
    "markdown-it-mark": {
      "version": "2.0.0",
      "resolved": "https://registry.npmjs.org/markdown-it-mark/-/markdown-it-mark-2.0.0.tgz",
      "integrity": "sha1-RqGqlHEFrtgYiXjgoBYXnkBPQsc="
    },
    "markdown-it-sub": {
      "version": "1.0.0",
      "resolved": "https://registry.npmjs.org/markdown-it-sub/-/markdown-it-sub-1.0.0.tgz",
      "integrity": "sha1-N1/WAm6ufdywEkl/ZBEZXqHjr+g="
    },
    "markdown-it-sup": {
      "version": "1.0.0",
      "resolved": "https://registry.npmjs.org/markdown-it-sup/-/markdown-it-sup-1.0.0.tgz",
      "integrity": "sha1-y5yf+RpSVawI8/09YyhuFd8KH8M="
    },
    "markdown-it-task-lists": {
      "version": "2.1.0",
      "resolved": "https://registry.npmjs.org/markdown-it-task-lists/-/markdown-it-task-lists-2.1.0.tgz",
      "integrity": "sha512-3mT1oQ/brZiV719l3iY/ZIEQLIn60Y9U840l4hh3sA1seHM+ZZjzE5Env1+V1bWqKE1BeVffiuE7qNALzh7r2Q=="
    },
    "markdown-it-toc-and-anchor": {
      "version": "4.1.2",
      "resolved": "https://registry.npmjs.org/markdown-it-toc-and-anchor/-/markdown-it-toc-and-anchor-4.1.2.tgz",
      "integrity": "sha1-snH2lKcL9xnmtygFbXvZMdNkIU0=",
      "requires": {
        "clone": "2.1.1",
        "uslug": "1.0.4"
      }
    },
    "match-at": {
      "version": "0.1.1",
      "resolved": "https://registry.npmjs.org/match-at/-/match-at-0.1.1.tgz",
      "integrity": "sha512-h4Yd392z9mST+dzc+yjuybOGFNOZjmXIPKWjxBd1Bb23r4SmDOsk2NYCU2BMUBGbSpZqwVsZYNq26QS3xfaT3Q=="
    },
    "mdurl": {
      "version": "1.0.1",
      "resolved": "https://registry.npmjs.org/mdurl/-/mdurl-1.0.1.tgz",
      "integrity": "sha1-/oWy7HWlkDfyrf7BAP1sYBdhFS4="
    },
    "measure-scrollbar": {
      "version": "0.1.0",
      "resolved": "https://registry.npmjs.org/measure-scrollbar/-/measure-scrollbar-0.1.0.tgz",
      "integrity": "sha512-8n7yR0PVrp/YmvWoRuiumlA0l6+joJg6PA5/uFb8frsd7ZV2It1tnNjqCrLNuMtU7yOPqJiYmm7+VwcWQwvqRQ=="
    },
    "sprintf-js": {
      "version": "1.0.3",
      "resolved": "https://registry.npmjs.org/sprintf-js/-/sprintf-js-1.0.3.tgz",
      "integrity": "sha1-BOaSb2YolTVPPdAVIDYzuFcpfiw="
    },
    "uc.micro": {
      "version": "1.0.5",
      "resolved": "https://registry.npmjs.org/uc.micro/-/uc.micro-1.0.5.tgz",
      "integrity": "sha512-JoLI4g5zv5qNyT09f4YAvEZIIV1oOjqnewYg5D38dkQljIzpPT296dbIGvKro3digYI1bkb7W6EP1y4uDlmzLg=="
    },
    "unfetch": {
      "version": "3.0.0",
      "resolved": "https://registry.npmjs.org/unfetch/-/unfetch-3.0.0.tgz",
      "integrity": "sha1-jR4FE6Ts0OX/LUGmund3Gq6LZII="
    },
    "unorm": {
      "version": "1.4.1",
      "resolved": "https://registry.npmjs.org/unorm/-/unorm-1.4.1.tgz",
      "integrity": "sha1-NkIA1fE2RsqLzURJAnEzVhR5IwA="
    },
    "uslug": {
      "version": "1.0.4",
      "resolved": "https://registry.npmjs.org/uslug/-/uslug-1.0.4.tgz",
      "integrity": "sha1-uaIvCRTgqGFAYz2swwLl9PpFBnc=",
      "requires": {
        "unorm": "1.4.1"
      }
    },
    "vue-emoji-mart": {
      "version": "1.0.5",
      "resolved": "https://registry.npmjs.org/vue-emoji-mart/-/vue-emoji-mart-1.0.5.tgz",
      "integrity": "sha512-RpSVjVjRhxYNEGEUDRow17KRt60gMvGowNS5jPHD0lgBRFboTan0nQLvkNrSyw3SgiDbRmjwC2NzyM9NBwhi/Q==",
      "requires": {
        "measure-scrollbar": "0.1.0",
        "unfetch": "3.0.0"
      }
    },
    "vue-markdown": {
      "version": "2.2.4",
      "resolved": "https://registry.npmjs.org/vue-markdown/-/vue-markdown-2.2.4.tgz",
      "integrity": "sha512-hoTX/W1UIdHZrp/b0vpHSsJXAEfWsafaQLgtE2VX4gY8O/C3L2Gabqu95gyG429rL4ML1SwGv+xsPABX7yfFIQ==",
      "requires": {
        "highlight.js": "9.12.0",
        "markdown-it": "6.1.1",
        "markdown-it-abbr": "1.0.4",
        "markdown-it-deflist": "2.0.3",
        "markdown-it-emoji": "1.4.0",
        "markdown-it-footnote": "2.0.0",
        "markdown-it-ins": "2.0.0",
        "markdown-it-katex": "2.0.3",
        "markdown-it-mark": "2.0.0",
        "markdown-it-sub": "1.0.0",
        "markdown-it-sup": "1.0.0",
        "markdown-it-task-lists": "2.1.0",
        "markdown-it-toc-and-anchor": "4.1.2"
      },
      "dependencies": {
        "linkify-it": {
          "version": "1.2.4",
          "resolved": "https://registry.npmjs.org/linkify-it/-/linkify-it-1.2.4.tgz",
          "integrity": "sha1-B3NSbDF8j9E71TTuHRgP+Iq/iBo=",
          "requires": {
            "uc.micro": "1.0.5"
          }
        },
        "markdown-it": {
          "version": "6.1.1",
          "resolved": "https://registry.npmjs.org/markdown-it/-/markdown-it-6.1.1.tgz",
          "integrity": "sha1-ztA39Ec+6fUVOsQU933IPJG6knw=",
          "requires": {
            "argparse": "1.0.10",
            "entities": "1.1.1",
            "linkify-it": "1.2.4",
            "mdurl": "1.0.1",
            "uc.micro": "1.0.5"
          }
        }
      }
    },
    "vue-mixins": {
      "version": "0.2.20",
      "resolved": "https://registry.npmjs.org/vue-mixins/-/vue-mixins-0.2.20.tgz",
      "integrity": "sha1-9YzyryXdASzYGv3ToNr3cAVjSng=",
      "dev": true,
      "requires": {
        "javascript-detect-element-resize": "0.5.3"
      }
    },
    "vue-template-compiler": {
      "version": "2.5.13",
      "resolved": "https://registry.npmjs.org/vue-template-compiler/-/vue-template-compiler-2.5.13.tgz",
      "integrity": "sha512-15HWSgIxrGUcV0v7QRen2Y3fQsbgxXwMvjT/5XKMO0ANmaCcNh7y2OeIDTAuSGeosjb9+E1Pn2PHZ61VQWEgBQ==",
      "dev": true,
      "requires": {
        "de-indent": "1.0.2",
        "he": "1.1.1"
      }
    },
    "vue-textarea": {
      "version": "1.0.0",
      "resolved": "https://registry.npmjs.org/vue-textarea/-/vue-textarea-1.0.0.tgz",
      "integrity": "sha1-LFAROhnhEW/CnSlSFSwUuGBBQt0=",
      "dev": true,
      "requires": {
        "vue-mixins": "0.2.20"
      }
    },
    "vuex": {
      "version": "3.0.1",
      "resolved": "https://registry.npmjs.org/vuex/-/vuex-3.0.1.tgz",
      "integrity": "sha512-wLoqz0B7DSZtgbWL1ShIBBCjv22GV5U+vcBFox658g6V0s4wZV9P4YjCNyoHSyIBpj1f29JBoNQIqD82cR4O3w=="
    }
  }
}
