{
  "name": "ed-sheeran",
  "version": "1.0.0",
  "lockfileVersion": 1,
  "requires": true,
  "dependencies": {
    "de-indent": {
      "version": "1.0.2",
      "resolved": "https://registry.npmjs.org/de-indent/-/de-indent-1.0.2.tgz",
      "integrity": "sha1-sgOOhG3DO6pXlhKNCAS0VbjB4h0=",
      "dev": true
    },
    "he": {
      "version": "1.1.1",
      "resolved": "https://registry.npmjs.org/he/-/he-1.1.1.tgz",
      "integrity": "sha1-k0EP0hsAlzUVH4howvJx80J+I/0=",
      "dev": true
    },
    "javascript-detect-element-resize": {
      "version": "0.5.3",
      "resolved": "https://registry.npmjs.org/javascript-detect-element-resize/-/javascript-detect-element-resize-0.5.3.tgz",
      "integrity": "sha1-GnHNUd/lZZB/KZAS/nOilBBAJd4=",
      "dev": true
    },
    "measure-scrollbar": {
      "version": "0.1.0",
      "resolved": "https://registry.npmjs.org/measure-scrollbar/-/measure-scrollbar-0.1.0.tgz",
      "integrity": "sha512-8n7yR0PVrp/YmvWoRuiumlA0l6+joJg6PA5/uFb8frsd7ZV2It1tnNjqCrLNuMtU7yOPqJiYmm7+VwcWQwvqRQ=="
    },
    "unfetch": {
      "version": "3.0.0",
      "resolved": "https://registry.npmjs.org/unfetch/-/unfetch-3.0.0.tgz",
      "integrity": "sha1-jR4FE6Ts0OX/LUGmund3Gq6LZII="
    },
    "vue-emoji-mart": {
      "version": "1.0.5",
      "resolved": "https://registry.npmjs.org/vue-emoji-mart/-/vue-emoji-mart-1.0.5.tgz",
      "integrity": "sha512-RpSVjVjRhxYNEGEUDRow17KRt60gMvGowNS5jPHD0lgBRFboTan0nQLvkNrSyw3SgiDbRmjwC2NzyM9NBwhi/Q==",
      "requires": {
        "measure-scrollbar": "0.1.0",
        "unfetch": "3.0.0"
      }
    },
    "vue-mixins": {
      "version": "0.2.20",
      "resolved": "https://registry.npmjs.org/vue-mixins/-/vue-mixins-0.2.20.tgz",
      "integrity": "sha1-9YzyryXdASzYGv3ToNr3cAVjSng=",
      "dev": true,
      "requires": {
        "javascript-detect-element-resize": "0.5.3"
      }
    },
    "vue-scroll-bar": {
      "version": "1.1.0",
      "resolved": "https://registry.npmjs.org/vue-scroll-bar/-/vue-scroll-bar-1.1.0.tgz",
      "integrity": "sha512-fcu+N+9ElxqyqSh3tqkwj/M0QYD/bhdxiClyNXCi43DeT6a/Q2TyeYeU/8jcMO79lBnV/PoJLvCsLH33R5AGEQ==",
      "requires": {
        "vue": "2.5.13"
      },
      "dependencies": {
        "vue": {
          "version": "2.5.13",
          "resolved": "https://registry.npmjs.org/vue/-/vue-2.5.13.tgz",
          "integrity": "sha512-3D+lY7HTkKbtswDM4BBHgqyq+qo8IAEE8lz8va1dz3LLmttjgo0FxairO4r1iN2OBqk8o1FyL4hvzzTFEdQSEw=="
        }
      }
    },
    "vue-template-compiler": {
      "version": "2.5.13",
      "resolved": "https://registry.npmjs.org/vue-template-compiler/-/vue-template-compiler-2.5.13.tgz",
      "integrity": "sha512-15HWSgIxrGUcV0v7QRen2Y3fQsbgxXwMvjT/5XKMO0ANmaCcNh7y2OeIDTAuSGeosjb9+E1Pn2PHZ61VQWEgBQ==",
      "dev": true,
      "requires": {
        "de-indent": "1.0.2",
        "he": "1.1.1"
      }
    },
    "vue-textarea": {
      "version": "1.0.0",
      "resolved": "https://registry.npmjs.org/vue-textarea/-/vue-textarea-1.0.0.tgz",
      "integrity": "sha1-LFAROhnhEW/CnSlSFSwUuGBBQt0=",
      "dev": true,
      "requires": {
        "vue-mixins": "0.2.20"
      }
    }
  }
}
